{
  "name": "mont-dispatcher",
  "version": "0.0.1",
  "lockfileVersion": 1,
  "requires": true,
  "dependencies": {
    "koa-compose": {
      "version": "4.0.0",
      "resolved": "https://registry.npmjs.org/koa-compose/-/koa-compose-4.0.0.tgz",
      "integrity": "sha1-KAClE9nDYe8NY4UrA45Pby1adzw="
    },
    "ramda": {
      "version": "0.25.0",
      "resolved": "https://registry.npmjs.org/ramda/-/ramda-0.25.0.tgz",
      "integrity": "sha512-GXpfrYVPwx3K7RQ6aYT8KPS8XViSXUVJT1ONhoKPE9VAleW42YE+U+8VEyGWt41EnEQW7gwecYJriTI0pKoecQ=="
    },
    "ramda-adjunct": {
      "version": "2.2.0",
      "resolved": "https://registry.npmjs.org/ramda-adjunct/-/ramda-adjunct-2.2.0.tgz",
      "integrity": "sha512-ReVk1hD8WWREpiScU89/eCSqkfwARbH7R+DGWxi8GNEGzI54Vu3FS6Gvs0Q6jnUJpKCRTFOpz08DsfokAd7JCw=="
    }
  }
}
