{
  "name": "mont-dispatcher",
  "version": "0.0.1",
  "lockfileVersion": 1,
  "requires": true,
  "dependencies": {
    "koa-compose": {
      "version": "4.0.0",
      "resolved": "https://registry.npmjs.org/koa-compose/-/koa-compose-4.0.0.tgz",
      "integrity": "sha1-KAClE9nDYe8NY4UrA45Pby1adzw="
    },
    "ramda": {
      "version": "0.25.0",
      "resolved": "https://registry.npmjs.org/ramda/-/ramda-0.25.0.tgz",
      "integrity": "sha512-GXpfrYVPwx3K7RQ6aYT8KPS8XViSXUVJT1ONhoKPE9VAleW42YE+U+8VEyGWt41EnEQW7gwecYJriTI0pKoecQ=="
    },
    "ramda-adjunct": {
      "version": "2.2.0",
      "resolved": "https://registry.npmjs.org/ramda-adjunct/-/ramda-adjunct-2.2.0.tgz",
      "integrity": "sha512-ReVk1hD8WWREpiScU89/eCSqkfwARbH7R+DGWxi8GNEGzI54Vu3FS6Gvs0Q6jnUJpKCRTFOpz08DsfokAd7JCw=="
    },
    "slug": {
      "version": "0.9.1",
      "resolved": "https://registry.npmjs.org/slug/-/slug-0.9.1.tgz",
      "integrity": "sha1-rwj2CKfBFRa2F3iqgA3OhMUYz9o=",
      "requires": {
        "unicode": "10.0.0"
      }
    },
    "unicode": {
      "version": "10.0.0",
      "resolved": "https://registry.npmjs.org/unicode/-/unicode-10.0.0.tgz",
      "integrity": "sha1-5dUcHbk7bHGguHngsMSvfm/faI4="
    },
    "yiwn": {
      "version": "0.0.3",
      "resolved": "https://registry.npmjs.org/yiwn/-/yiwn-0.0.3.tgz",
      "integrity": "sha512-Yg1R72Y35OhdnNZhPIh78nV9W/uZLlPMiVH6t6DxJh2UYh8Nye9iwDP9PxcnIwYN+aX+5tRoVkHh+Ry0OeDkZA==",
      "requires": {
        "ramda": "0.25.0",
        "ramda-adjunct": "2.2.0",
        "yiwn-shortid": "0.0.1",
        "yiwn-slug": "0.0.1"
      }
    },
    "yiwn-shortid": {
      "version": "0.0.1",
      "resolved": "https://registry.npmjs.org/yiwn-shortid/-/yiwn-shortid-0.0.1.tgz",
      "integrity": "sha512-EQ/9CPrLameVg9UyGGbsx0VYpGZtQC7WTAfnteHP1HWCZSjihttTmfq/z6JSL1yodPttaktHzZ0p1uiuI/esBQ=="
    },
    "yiwn-slug": {
      "version": "0.0.1",
      "resolved": "https://registry.npmjs.org/yiwn-slug/-/yiwn-slug-0.0.1.tgz",
      "integrity": "sha512-G+/HqJAUUzfWXNZPwtWb+nLtGkw0pIPIjObZ910eowlwskLAtHHHqN5X96Mq8JXta/dMS+JRi41rV5B6+GUcVw==",
      "requires": {
        "ramda": "0.25.0",
        "slug": "0.9.1"
      }
    }
  }
}
